#MicroXplorer Configuration settings - do not modify
Mcu.Family=STM32F1
ProjectManager.MainLocation=Core/Src
FSMC.AddressSetupTime1=1
RCC.MCOFreq_Value=72000000
SH.FSMC_D1_DA1.0=FSMC_D1,16b-d1
ProjectManager.KeepUserCode=true
Mcu.UserName=STM32F103ZETx
PB10.Mode=I2C
RCC.PLLCLKFreq_Value=72000000
SH.FSMC_NWE.0=FSMC_NWE,Lcd1
PG0.Signal=FSMC_A10
ProjectManager.functionlistsort=1-MX_GPIO_Init-GPIO-false-HAL-true,2-SystemClock_Config-RCC-false-HAL-false,3-MX_FSMC_Init-FSMC-false-HAL-true,4-MX_USART1_UART_Init-USART1-false-HAL-true,5-MX_I2C2_Init-I2C2-false-HAL-true,6-MX_DAC_Init-DAC-false-HAL-true
SH.FSMC_D0_DA0.0=FSMC_D0,16b-d1
RCC.ADCFreqValue=36000000
PB0.GPIO_Label=LCD_BL
USART1.IPParameters=VirtualMode
PB11.Signal=I2C2_SDA
PinOutPanel.RotationAngle=0
PE5.GPIOParameters=GPIO_Label
RCC.SYSCLKSource=RCC_SYSCLKSOURCE_PLLCLK
ProjectManager.StackSize=0x00002000
Mcu.IP4=RCC
RCC.FCLKCortexFreq_Value=72000000
Mcu.IP5=SYS
Mcu.IP2=I2C2
NVIC.SVCall_IRQn=true\:0\:0\:false\:false\:true\:false\:false
Mcu.IP3=NVIC
RCC.SDIOHCLKDiv2FreqValue=36000000
Mcu.IP0=DAC
Mcu.IP1=FSMC
Mcu.UserConstants=
Mcu.ThirdPartyNb=0
RCC.SDIOFreq_Value=72000000
RCC.HCLKFreq_Value=72000000
Mcu.IPNb=7
ProjectManager.PreviousToolchain=
PD4.Signal=FSMC_NOE
RCC.APB2TimFreq_Value=72000000
Mcu.Pin6=PB0
PD0.Signal=FSMC_D2_DA2
Mcu.Pin7=PG0
PD8.Signal=FSMC_D13_DA13
Mcu.Pin8=PE7
PE5.Signal=GPIO_Output
OSC_OUT.Mode=HSE-External-Oscillator
Mcu.Pin9=PE8
SH.FSMC_A10.0=FSMC_A10,A10_1
OSC_OUT.Signal=RCC_OSC_OUT
RCC.AHBFreq_Value=72000000
Mcu.Pin0=PE5
Mcu.Pin1=PC14-OSC32_IN
GPIO.groupedBy=Group By Peripherals
Mcu.Pin2=PC15-OSC32_OUT
Mcu.Pin3=OSC_IN
SH.FSMC_D4_DA4.ConfNb=1
SH.FSMC_D12_DA12.ConfNb=1
Mcu.Pin4=OSC_OUT
Mcu.Pin5=PA4
ProjectManager.ProjectBuild=false
NVIC.UsageFault_IRQn=true\:0\:0\:false\:false\:true\:false\:false
NVIC.DebugMonitor_IRQn=true\:0\:0\:false\:false\:true\:false\:false
NVIC.SysTick_IRQn=true\:0\:0\:false\:false\:true\:false\:true
SH.FSMC_D6_DA6.ConfNb=1
RCC.PLLMUL=RCC_PLL_MUL9
ProjectManager.FirmwarePackage=STM32Cube FW_F1 V1.8.4
MxDb.Version=DB.6.0.20
PB0.GPIOParameters=GPIO_Label
SH.FSMC_NOE.ConfNb=1
PE13.Signal=FSMC_D10_DA10
ProjectManager.BackupPrevious=false
SH.FSMC_D14_DA14.0=FSMC_D14,16b-d1
DAC.DAC_Trigger=DAC_TRIGGER_SOFTWARE
PC14-OSC32_IN.Mode=LSE-External-Oscillator
SH.FSMC_D10_DA10.0=FSMC_D10,16b-d1
PE9.Signal=FSMC_D6_DA6
PA14.Mode=Serial_Wire
SH.FSMC_D6_DA6.0=FSMC_D6,16b-d1
File.Version=6
SH.FSMC_D9_DA9.ConfNb=1
FSMC.BusTurnAroundDuration1=15
NVIC.PendSV_IRQn=true\:0\:0\:false\:false\:true\:false\:false
PE10.Signal=FSMC_D7_DA7
DAC.IPParameters=DAC_Trigger
SH.FSMC_D5_DA5.0=FSMC_D5,16b-d1
ProjectManager.HalAssertFull=false
PB0.Locked=true
ProjectManager.ProjectName=template
SH.FSMC_D4_DA4.0=FSMC_D4,16b-d1
RCC.PLLMCOFreq_Value=36000000
Mcu.Package=LQFP144
SH.FSMC_D15_DA15.ConfNb=1
RCC.I2S2Freq_Value=72000000
FSMC.IPParameters=BusTurnAroundDuration1,AddressSetupTime1,DataSetupTime1,ExtendedMode1,ExtendedAddressSetupTime1,ExtendedDataSetupTime1
SH.COMP_DAC1_group.ConfNb=1
ProjectManager.ToolChainLocation=
SH.FSMC_D13_DA13.0=FSMC_D13,16b-d1
SH.FSMC_D14_DA14.ConfNb=1
VP_SYS_VS_Systick.Signal=SYS_VS_Systick
PA10.Signal=USART1_RX
SH.FSMC_D3_DA3.0=FSMC_D3,16b-d1
RCC.APB1TimFreq_Value=72000000
NVIC.BusFault_IRQn=true\:0\:0\:false\:false\:true\:false\:false
SH.FSMC_D2_DA2.0=FSMC_D2,16b-d1
SH.FSMC_NWE.ConfNb=1
PE7.Signal=FSMC_D4_DA4
SH.FSMC_D7_DA7.ConfNb=1
PD15.Signal=FSMC_D1_DA1
ProjectManager.CustomerFirmwarePackage=
PG12.Signal=FSMC_NE4
RCC.PLLSourceVirtual=RCC_PLLSOURCE_HSE
FSMC.ExtendedAddressSetupTime1=0
PC15-OSC32_OUT.Mode=LSE-External-Oscillator
SH.COMP_DAC1_group.0=DAC_OUT1,DAC_OUT1
ProjectManager.ProjectFileName=template.ioc
SH.FSMC_D12_DA12.0=FSMC_D12,16b-d1
PA10.Mode=Asynchronous
Mcu.PinsNb=34
ProjectManager.NoMain=false
FSMC.ExtendedMode1=FSMC_EXTENDED_MODE_ENABLE
SH.FSMC_D8_DA8.ConfNb=1
PD1.Signal=FSMC_D3_DA3
ProjectManager.DefaultFWLocation=true
SH.FSMC_D9_DA9.0=FSMC_D9,16b-d1
PD9.Signal=FSMC_D14_DA14
PD5.Signal=FSMC_NWE
SH.FSMC_D11_DA11.ConfNb=1
ProjectManager.DeletePrevious=true
RCC.APB1CLKDivider=RCC_HCLK_DIV2
PC14-OSC32_IN.Signal=RCC_OSC32_IN
RCC.FamilyName=M
RCC.I2S3Freq_Value=72000000
SH.FSMC_D8_DA8.0=FSMC_D8,16b-d1
PD10.Signal=FSMC_D15_DA15
PA13.Signal=SYS_JTMS-SWDIO
SH.FSMC_D13_DA13.ConfNb=1
PA9.Mode=Asynchronous
PB11.Mode=I2C
ProjectManager.TargetToolchain=Makefile
FSMC.DataSetupTime1=2
SH.FSMC_D5_DA5.ConfNb=1
SH.FSMC_A10.ConfNb=1
PA9.Signal=USART1_TX
ProjectManager.RegisterCallBack=
OSC_IN.Signal=RCC_OSC_IN
RCC.USBFreq_Value=72000000
PE11.Signal=FSMC_D8_DA8
PC15-OSC32_OUT.Signal=RCC_OSC32_OUT
PB10.Signal=I2C2_SCL
SH.FSMC_D7_DA7.0=FSMC_D7,16b-d1
FSMC.ExtendedDataSetupTime1=2
board=custom
PG12.Mode=NorPsramChipSelect4_1
SH.FSMC_D0_DA0.ConfNb=1
ProjectManager.LastFirmware=true
SH.FSMC_D3_DA3.ConfNb=1
RCC.VCOOutput2Freq_Value=8000000
RCC.APB2Freq_Value=72000000
PE14.Signal=FSMC_D11_DA11
PE15.Signal=FSMC_D12_DA12
MxCube.Version=6.2.0
PE8.Signal=FSMC_D5_DA5
Mcu.Pin30=PD4
VP_SYS_VS_Systick.Mode=SysTick
Mcu.Pin33=VP_SYS_VS_Systick
Mcu.Pin31=PD5
Mcu.Pin32=PG12
NVIC.NonMaskableInt_IRQn=true\:0\:0\:false\:false\:true\:false\:false
PE5.Locked=true
PA13.Mode=Serial_Wire
ProjectManager.FreePins=false
RCC.IPParameters=ADCFreqValue,AHBFreq_Value,APB1CLKDivider,APB1Freq_Value,APB1TimFreq_Value,APB2Freq_Value,APB2TimFreq_Value,FCLKCortexFreq_Value,FSMCFreq_Value,FamilyName,HCLKFreq_Value,I2S2Freq_Value,I2S3Freq_Value,MCOFreq_Value,PLLCLKFreq_Value,PLLMCOFreq_Value,PLLMUL,PLLSourceVirtual,SDIOFreq_Value,SDIOHCLKDiv2FreqValue,SYSCLKFreq_VALUE,SYSCLKSource,TimSysFreq_Value,USBFreq_Value,VCOOutput2Freq_Value
ProjectManager.AskForMigrate=true
Mcu.Name=STM32F103Z(C-D-E)Tx
PE12.Signal=FSMC_D9_DA9
Mcu.Pin26=PA13
Mcu.Pin27=PA14
Mcu.Pin24=PA9
ProjectManager.UnderRoot=false
Mcu.Pin25=PA10
PD14.Signal=FSMC_D0_DA0
Mcu.Pin28=PD0
Mcu.IP6=USART1
RCC.FSMCFreq_Value=72000000
Mcu.Pin29=PD1
ProjectManager.CoupleFile=true
PA4.Signal=COMP_DAC1_group
RCC.SYSCLKFreq_VALUE=72000000
Mcu.Pin22=PD14
Mcu.Pin23=PD15
RCC.TimSysFreq_Value=72000000
Mcu.Pin20=PD9
Mcu.Pin21=PD10
NVIC.ForceEnableDMAVector=true
KeepUserPlacement=false
OSC_IN.Mode=HSE-External-Oscillator
NVIC.MemoryManagement_IRQn=true\:0\:0\:false\:false\:true\:false\:false
PE5.GPIO_Label=LED1
USART1.VirtualMode=VM_ASYNC
ProjectManager.CompilerOptimize=6
SH.FSMC_D15_DA15.0=FSMC_D15,16b-d1
PA14.Signal=SYS_JTCK-SWCLK
ProjectManager.HeapSize=0x00002000
Mcu.Pin15=PE14
NVIC.HardFault_IRQn=true\:0\:0\:false\:false\:true\:false\:false
Mcu.Pin16=PE15
Mcu.Pin13=PE12
SH.FSMC_D11_DA11.0=FSMC_D11,16b-d1
Mcu.Pin14=PE13
Mcu.Pin19=PD8
SH.FSMC_NOE.0=FSMC_NOE,Lcd1
ProjectManager.ComputerToolchain=false
Mcu.Pin17=PB10
SH.FSMC_D2_DA2.ConfNb=1
Mcu.Pin18=PB11
SH.FSMC_D1_DA1.ConfNb=1
NVIC.PriorityGroup=NVIC_PRIORITYGROUP_4
Mcu.Pin11=PE10
Mcu.Pin12=PE11
Mcu.Pin10=PE9
RCC.APB1Freq_Value=36000000
PB0.Signal=GPIO_Output
ProjectManager.DeviceId=STM32F103ZETx
ProjectManager.LibraryCopy=1
SH.FSMC_D10_DA10.ConfNb=1
